
Microsoft Visual Studio Solution File, Format Version 12.00
# Visual Studio Version 16
VisualStudioVersion = 16.0.28315.86
MinimumVisualStudioVersion = 10.0.40219.1
Project("{9A19103F-16F7-4668-BE54-9A1E7A4F7556}") = "Day01", "Day01\Day01.csproj", "{9234C516-F159-464F-8696-CA700B76F0EE}"
EndProject
Project("{9A19103F-16F7-4668-BE54-9A1E7A4F7556}") = "Day02", "Day02\Day02.csproj", "{DFA7DB5F-F25C-456A-AA50-385127A3B3FE}"
EndProject
Project("{9A19103F-16F7-4668-BE54-9A1E7A4F7556}") = "Day03", "Day03\Day03.csproj", "{D840816A-A6DD-478A-9B74-530735C513AF}"
EndProject
Project("{9A19103F-16F7-4668-BE54-9A1E7A4F7556}") = "Day04", "Day04\Day04.csproj", "{5844FBF8-FF5B-4EDB-AC14-18830F33BBFA}"
EndProject
Project("{9A19103F-16F7-4668-BE54-9A1E7A4F7556}") = "Day05", "Day05\Day05.csproj", "{D7521FEA-0D3A-41F2-BD86-ECAF3707661B}"
EndProject
Project("{FAE04EC0-301F-11D3-BF4B-00C04F79EFBC}") = "Day06", "Day06\Day06.csproj", "{C896FD1E-F7D5-4471-85A2-0961FB3B2511}"
EndProject
Project("{FAE04EC0-301F-11D3-BF4B-00C04F79EFBC}") = "Day07", "Day07\Day07.csproj", "{26ADF91E-CF6C-414C-B8DB-C120A32A9277}"
EndProject
Global
	GlobalSection(SolutionConfigurationPlatforms) = preSolution
		Debug|Any CPU = Debug|Any CPU
		Release|Any CPU = Release|Any CPU
	EndGlobalSection
	GlobalSection(ProjectConfigurationPlatforms) = postSolution
		{9234C516-F159-464F-8696-CA700B76F0EE}.Debug|Any CPU.ActiveCfg = Debug|Any CPU
		{9234C516-F159-464F-8696-CA700B76F0EE}.Debug|Any CPU.Build.0 = Debug|Any CPU
		{9234C516-F159-464F-8696-CA700B76F0EE}.Release|Any CPU.ActiveCfg = Release|Any CPU
		{9234C516-F159-464F-8696-CA700B76F0EE}.Release|Any CPU.Build.0 = Release|Any CPU
		{DFA7DB5F-F25C-456A-AA50-385127A3B3FE}.Debug|Any CPU.ActiveCfg = Debug|Any CPU
		{DFA7DB5F-F25C-456A-AA50-385127A3B3FE}.Debug|Any CPU.Build.0 = Debug|Any CPU
		{DFA7DB5F-F25C-456A-AA50-385127A3B3FE}.Release|Any CPU.ActiveCfg = Release|Any CPU
		{DFA7DB5F-F25C-456A-AA50-385127A3B3FE}.Release|Any CPU.Build.0 = Release|Any CPU
		{D840816A-A6DD-478A-9B74-530735C513AF}.Debug|Any CPU.ActiveCfg = Debug|Any CPU
		{D840816A-A6DD-478A-9B74-530735C513AF}.Debug|Any CPU.Build.0 = Debug|Any CPU
		{D840816A-A6DD-478A-9B74-530735C513AF}.Release|Any CPU.ActiveCfg = Release|Any CPU
		{D840816A-A6DD-478A-9B74-530735C513AF}.Release|Any CPU.Build.0 = Release|Any CPU
		{5844FBF8-FF5B-4EDB-AC14-18830F33BBFA}.Debug|Any CPU.ActiveCfg = Debug|Any CPU
		{5844FBF8-FF5B-4EDB-AC14-18830F33BBFA}.Debug|Any CPU.Build.0 = Debug|Any CPU
		{5844FBF8-FF5B-4EDB-AC14-18830F33BBFA}.Release|Any CPU.ActiveCfg = Release|Any CPU
		{5844FBF8-FF5B-4EDB-AC14-18830F33BBFA}.Release|Any CPU.Build.0 = Release|Any CPU
		{D7521FEA-0D3A-41F2-BD86-ECAF3707661B}.Debug|Any CPU.ActiveCfg = Debug|Any CPU
		{D7521FEA-0D3A-41F2-BD86-ECAF3707661B}.Debug|Any CPU.Build.0 = Debug|Any CPU
		{D7521FEA-0D3A-41F2-BD86-ECAF3707661B}.Release|Any CPU.ActiveCfg = Release|Any CPU
		{D7521FEA-0D3A-41F2-BD86-ECAF3707661B}.Release|Any CPU.Build.0 = Release|Any CPU
		{C896FD1E-F7D5-4471-85A2-0961FB3B2511}.Debug|Any CPU.ActiveCfg = Debug|Any CPU
		{C896FD1E-F7D5-4471-85A2-0961FB3B2511}.Debug|Any CPU.Build.0 = Debug|Any CPU
		{C896FD1E-F7D5-4471-85A2-0961FB3B2511}.Release|Any CPU.ActiveCfg = Release|Any CPU
		{C896FD1E-F7D5-4471-85A2-0961FB3B2511}.Release|Any CPU.Build.0 = Release|Any CPU
		{26ADF91E-CF6C-414C-B8DB-C120A32A9277}.Debug|Any CPU.ActiveCfg = Debug|Any CPU
		{26ADF91E-CF6C-414C-B8DB-C120A32A9277}.Debug|Any CPU.Build.0 = Debug|Any CPU
		{26ADF91E-CF6C-414C-B8DB-C120A32A9277}.Release|Any CPU.ActiveCfg = Release|Any CPU
		{26ADF91E-CF6C-414C-B8DB-C120A32A9277}.Release|Any CPU.Build.0 = Release|Any CPU
	EndGlobalSection
	GlobalSection(SolutionProperties) = preSolution
		HideSolutionNode = FALSE
	EndGlobalSection
	GlobalSection(ExtensibilityGlobals) = postSolution
		SolutionGuid = {CE0A6EBC-A92D-46BD-AF45-B3FF395F5C23}
	EndGlobalSection
EndGlobal
